// !$*UTF8*$!
{
	archiveVersion = 1;
	classes = {
	};
	objectVersion = 50;
	objects = {

/* Begin PBXBuildFile section */
		137DB62C263F071600B4EEBF /* AppDelegate.swift in Sources */ = {isa = PBXBuildFile; fileRef = 137DB62B263F071600B4EEBF /* AppDelegate.swift */; };
		137DB62E263F071600B4EEBF /* SceneDelegate.swift in Sources */ = {isa = PBXBuildFile; fileRef = 137DB62D263F071600B4EEBF /* SceneDelegate.swift */; };
		137DB635263F071700B4EEBF /* Assets.xcassets in Resources */ = {isa = PBXBuildFile; fileRef = 137DB634263F071700B4EEBF /* Assets.xcassets */; };
		137DB638263F071700B4EEBF /* LaunchScreen.storyboard in Resources */ = {isa = PBXBuildFile; fileRef = 137DB636263F071700B4EEBF /* LaunchScreen.storyboard */; };
		137DB644263F0A4900B4EEBF /* TabBarController.swift in Sources */ = {isa = PBXBuildFile; fileRef = 137DB643263F0A4900B4EEBF /* TabBarController.swift */; };
		137DB64E263F0D4500B4EEBF /* AirlineListPresenter.swift in Sources */ = {isa = PBXBuildFile; fileRef = 137DB648263F0D4500B4EEBF /* AirlineListPresenter.swift */; };
		137DB64F263F0D4500B4EEBF /* AirlineListService.swift in Sources */ = {isa = PBXBuildFile; fileRef = 137DB649263F0D4500B4EEBF /* AirlineListService.swift */; };
		137DB652263F0D4500B4EEBF /* AirlineListViewController.swift in Sources */ = {isa = PBXBuildFile; fileRef = 137DB64C263F0D4500B4EEBF /* AirlineListViewController.swift */; };
		137DB653263F0D4500B4EEBF /* AirlineListInteractor.swift in Sources */ = {isa = PBXBuildFile; fileRef = 137DB64D263F0D4500B4EEBF /* AirlineListInteractor.swift */; };
		137DB655263F104100B4EEBF /* AirlineListFactory.swift in Sources */ = {isa = PBXBuildFile; fileRef = 137DB654263F104100B4EEBF /* AirlineListFactory.swift */; };
		137DB65A263F133A00B4EEBF /* AirlineListTableViewCell.swift in Sources */ = {isa = PBXBuildFile; fileRef = 137DB659263F133A00B4EEBF /* AirlineListTableViewCell.swift */; };
		137DB65F263F39CD00B4EEBF /* UIImageView+Extension.swift in Sources */ = {isa = PBXBuildFile; fileRef = 137DB65E263F39CD00B4EEBF /* UIImageView+Extension.swift */; };
		170CA153A1EFDCC20F38D702 /* Pods_Airlines.framework in Frameworks */ = {isa = PBXBuildFile; fileRef = 4762845B85F2CF04E931CAAE /* Pods_Airlines.framework */; };
		3795868A95A16CA8A13B01BA /* Pods_AirlinesTests.framework in Frameworks */ = {isa = PBXBuildFile; fileRef = 094D35898F9389D3E93AA52D /* Pods_AirlinesTests.framework */; };
		C028060E2856A39800D012A3 /* Airline.swift in Sources */ = {isa = PBXBuildFile; fileRef = C028060D2856A39800D012A3 /* Airline.swift */; };
		C02806132856A6A900D012A3 /* AirlineListCoordinator.swift in Sources */ = {isa = PBXBuildFile; fileRef = C02806122856A6A900D012A3 /* AirlineListCoordinator.swift */; };
		C0280B2728AC97BD00B6F367 /* PassengerListInteractorTest.swift in Sources */ = {isa = PBXBuildFile; fileRef = C0280B2628AC97BD00B6F367 /* PassengerListInteractorTest.swift */; };
		C0280B2D28AC97D900B6F367 /* PassengerListPresenterTest.swift in Sources */ = {isa = PBXBuildFile; fileRef = C0280B2C28AC97D900B6F367 /* PassengerListPresenterTest.swift */; };
		C028FBD628AD6A4000633EB6 /* PassengerViewModel.swift in Sources */ = {isa = PBXBuildFile; fileRef = C028FBD528AD6A4000633EB6 /* PassengerViewModel.swift */; };
		C029195228AD30DD00ECC76A /* Passenger.swift in Sources */ = {isa = PBXBuildFile; fileRef = C029195128AD30DD00ECC76A /* Passenger.swift */; };
		C029195828AD314F00ECC76A /* PassengerPayload.swift in Sources */ = {isa = PBXBuildFile; fileRef = C029195728AD314F00ECC76A /* PassengerPayload.swift */; };
		C029195C28AD326600ECC76A /* PassengerEndpoint.swift in Sources */ = {isa = PBXBuildFile; fileRef = C029195B28AD326600ECC76A /* PassengerEndpoint.swift */; };
		C034DFCC28A9B8710061BBBB /* ErrorViewModeling.swift in Sources */ = {isa = PBXBuildFile; fileRef = C034DFCB28A9B8710061BBBB /* ErrorViewModeling.swift */; };
		C034DFD228A9B9010061BBBB /* NetworkErrorViewModel.swift in Sources */ = {isa = PBXBuildFile; fileRef = C034DFD128A9B9010061BBBB /* NetworkErrorViewModel.swift */; };
		C034DFD628A9B9F60061BBBB /* GenericErrorViewModel.swift in Sources */ = {isa = PBXBuildFile; fileRef = C034DFD528A9B9F60061BBBB /* GenericErrorViewModel.swift */; };
		C034DFDB28A9BB4E0061BBBB /* ErrorViewModelResolver.swift in Sources */ = {isa = PBXBuildFile; fileRef = C034DFDA28A9BB4E0061BBBB /* ErrorViewModelResolver.swift */; };
		C0352A1B28AE8D490069A7E8 /* PassengerMessage.swift in Sources */ = {isa = PBXBuildFile; fileRef = C0352A1A28AE8D490069A7E8 /* PassengerMessage.swift */; };
		C08893E7288E57AD00CEAA86 /* PassengerFlowCoordinator.swift in Sources */ = {isa = PBXBuildFile; fileRef = C08893E6288E57AD00CEAA86 /* PassengerFlowCoordinator.swift */; };
		C09F7544288E287A0014DF13 /* AirlineListInteractorTest.swift in Sources */ = {isa = PBXBuildFile; fileRef = C09F7543288E287A0014DF13 /* AirlineListInteractorTest.swift */; };
		C09F754B288E2E4C0014DF13 /* Airline+Fixtures.swift in Sources */ = {isa = PBXBuildFile; fileRef = C09F754A288E2E4C0014DF13 /* Airline+Fixtures.swift */; };
		C09F7551288E337A0014DF13 /* AirlineListPresenterTest.swift in Sources */ = {isa = PBXBuildFile; fileRef = C09F7550288E337A0014DF13 /* AirlineListPresenterTest.swift */; };
		C0A7AE292858204D00D42292 /* Api.swift in Sources */ = {isa = PBXBuildFile; fileRef = C0A7AE282858204D00D42292 /* Api.swift */; };
		C0A7AE2D285820D300D42292 /* ApiEndpoint.swift in Sources */ = {isa = PBXBuildFile; fileRef = C0A7AE2C285820D300D42292 /* ApiEndpoint.swift */; };
		C0A7AE302858251100D42292 /* ApiError.swift in Sources */ = {isa = PBXBuildFile; fileRef = C0A7AE2F2858251100D42292 /* ApiError.swift */; };
		C0A7AE34285829D200D42292 /* AirlineEndpoint.swift in Sources */ = {isa = PBXBuildFile; fileRef = C0A7AE33285829D200D42292 /* AirlineEndpoint.swift */; };
		C0B8477E28A9A6CD00DA180E /* Space.swift in Sources */ = {isa = PBXBuildFile; fileRef = C0B8477D28A9A6CD00DA180E /* Space.swift */; };
		C0B8478628A9AFB000DA180E /* Font.swift in Sources */ = {isa = PBXBuildFile; fileRef = C0B8478528A9AFB000DA180E /* Font.swift */; };
		C0BEBC7228AC8BF4000EC428 /* PassengerListCoordinator.swift in Sources */ = {isa = PBXBuildFile; fileRef = C0BEBC7128AC8BF4000EC428 /* PassengerListCoordinator.swift */; };
		C0BEBC7628AC8C14000EC428 /* PassengerListFactory.swift in Sources */ = {isa = PBXBuildFile; fileRef = C0BEBC7528AC8C14000EC428 /* PassengerListFactory.swift */; };
		C0BEBC7A28AC8C39000EC428 /* PassengerListInteractor.swift in Sources */ = {isa = PBXBuildFile; fileRef = C0BEBC7928AC8C39000EC428 /* PassengerListInteractor.swift */; };
		C0BEBC7E28AC8C62000EC428 /* PassengerListPresenter.swift in Sources */ = {isa = PBXBuildFile; fileRef = C0BEBC7D28AC8C62000EC428 /* PassengerListPresenter.swift */; };
		C0BEBC8228AC8C81000EC428 /* PassengerListService.swift in Sources */ = {isa = PBXBuildFile; fileRef = C0BEBC8128AC8C81000EC428 /* PassengerListService.swift */; };
		C0BEBC8628AC8CA2000EC428 /* PassengerListViewController.swift in Sources */ = {isa = PBXBuildFile; fileRef = C0BEBC8528AC8CA2000EC428 /* PassengerListViewController.swift */; };
		C0CCF6A128A7F9D400E64BEB /* ErrorView.swift in Sources */ = {isa = PBXBuildFile; fileRef = C0CCF6A028A7F9D400E64BEB /* ErrorView.swift */; };
		C0D3350028A73E1300F44D27 /* LoadingView.swift in Sources */ = {isa = PBXBuildFile; fileRef = C0D334FF28A73E1300F44D27 /* LoadingView.swift */; };
		C0D4845828ADF4E400757B02 /* PassengerListTableViewCell.swift in Sources */ = {isa = PBXBuildFile; fileRef = C0D4845728ADF4E400757B02 /* PassengerListTableViewCell.swift */; };
		C0E9FAE8288E516C00D8FC8A /* AirlineFlowCoordinator.swift in Sources */ = {isa = PBXBuildFile; fileRef = C0E9FAE7288E516C00D8FC8A /* AirlineFlowCoordinator.swift */; };
		C0EE98D528AC3C67004D878F /* StatefulViewController.swift in Sources */ = {isa = PBXBuildFile; fileRef = C0EE98D428AC3C67004D878F /* StatefulViewController.swift */; };
		C0F5FB3328A8B03D001E3396 /* swiftgen.yml in Resources */ = {isa = PBXBuildFile; fileRef = C0F5FB3228A8B03D001E3396 /* swiftgen.yml */; };
		C0F5FB5528A8B826001E3396 /* Localizable.strings in Resources */ = {isa = PBXBuildFile; fileRef = C0F5FB5728A8B826001E3396 /* Localizable.strings */; };
		C0F5FB6028A8B906001E3396 /* Strings.generated.swift in Sources */ = {isa = PBXBuildFile; fileRef = C0F5FB5F28A8B905001E3396 /* Strings.generated.swift */; };
/* End PBXBuildFile section */

/* Begin PBXContainerItemProxy section */
		C09F7534288E276F0014DF13 /* PBXContainerItemProxy */ = {
			isa = PBXContainerItemProxy;
			containerPortal = 137DB620263F071600B4EEBF /* Project object */;
			proxyType = 1;
			remoteGlobalIDString = 137DB627263F071600B4EEBF;
			remoteInfo = Airlines;
		};
/* End PBXContainerItemProxy section */

/* Begin PBXFileReference section */
		094D35898F9389D3E93AA52D /* Pods_AirlinesTests.framework */ = {isa = PBXFileReference; explicitFileType = wrapper.framework; includeInIndex = 0; path = Pods_AirlinesTests.framework; sourceTree = BUILT_PRODUCTS_DIR; };
		137DB628263F071600B4EEBF /* Airlines.app */ = {isa = PBXFileReference; explicitFileType = wrapper.application; includeInIndex = 0; path = Airlines.app; sourceTree = BUILT_PRODUCTS_DIR; };
		137DB62B263F071600B4EEBF /* AppDelegate.swift */ = {isa = PBXFileReference; lastKnownFileType = sourcecode.swift; path = AppDelegate.swift; sourceTree = "<group>"; };
		137DB62D263F071600B4EEBF /* SceneDelegate.swift */ = {isa = PBXFileReference; lastKnownFileType = sourcecode.swift; path = SceneDelegate.swift; sourceTree = "<group>"; };
		137DB634263F071700B4EEBF /* Assets.xcassets */ = {isa = PBXFileReference; lastKnownFileType = folder.assetcatalog; path = Assets.xcassets; sourceTree = "<group>"; };
		137DB637263F071700B4EEBF /* Base */ = {isa = PBXFileReference; lastKnownFileType = file.storyboard; name = Base; path = Base.lproj/LaunchScreen.storyboard; sourceTree = "<group>"; };
		137DB639263F071700B4EEBF /* Info.plist */ = {isa = PBXFileReference; lastKnownFileType = text.plist.xml; path = Info.plist; sourceTree = "<group>"; };
		137DB643263F0A4900B4EEBF /* TabBarController.swift */ = {isa = PBXFileReference; lastKnownFileType = sourcecode.swift; path = TabBarController.swift; sourceTree = "<group>"; };
		137DB648263F0D4500B4EEBF /* AirlineListPresenter.swift */ = {isa = PBXFileReference; lastKnownFileType = sourcecode.swift; path = AirlineListPresenter.swift; sourceTree = "<group>"; };
		137DB649263F0D4500B4EEBF /* AirlineListService.swift */ = {isa = PBXFileReference; lastKnownFileType = sourcecode.swift; path = AirlineListService.swift; sourceTree = "<group>"; };
		137DB64C263F0D4500B4EEBF /* AirlineListViewController.swift */ = {isa = PBXFileReference; lastKnownFileType = sourcecode.swift; path = AirlineListViewController.swift; sourceTree = "<group>"; };
		137DB64D263F0D4500B4EEBF /* AirlineListInteractor.swift */ = {isa = PBXFileReference; lastKnownFileType = sourcecode.swift; path = AirlineListInteractor.swift; sourceTree = "<group>"; };
		137DB654263F104100B4EEBF /* AirlineListFactory.swift */ = {isa = PBXFileReference; lastKnownFileType = sourcecode.swift; path = AirlineListFactory.swift; sourceTree = "<group>"; };
		137DB659263F133A00B4EEBF /* AirlineListTableViewCell.swift */ = {isa = PBXFileReference; lastKnownFileType = sourcecode.swift; path = AirlineListTableViewCell.swift; sourceTree = "<group>"; };
		137DB65E263F39CD00B4EEBF /* UIImageView+Extension.swift */ = {isa = PBXFileReference; lastKnownFileType = sourcecode.swift; path = "UIImageView+Extension.swift"; sourceTree = "<group>"; };
		34E803A218DFA8DCA95E2B8F /* Pods-Airlines.debug.xcconfig */ = {isa = PBXFileReference; includeInIndex = 1; lastKnownFileType = text.xcconfig; name = "Pods-Airlines.debug.xcconfig"; path = "Target Support Files/Pods-Airlines/Pods-Airlines.debug.xcconfig"; sourceTree = "<group>"; };
		4762845B85F2CF04E931CAAE /* Pods_Airlines.framework */ = {isa = PBXFileReference; explicitFileType = wrapper.framework; includeInIndex = 0; path = Pods_Airlines.framework; sourceTree = BUILT_PRODUCTS_DIR; };
		4BCFFCA7F344D9AFB13309C3 /* Pods-AirlinesTests.release.xcconfig */ = {isa = PBXFileReference; includeInIndex = 1; lastKnownFileType = text.xcconfig; name = "Pods-AirlinesTests.release.xcconfig"; path = "Target Support Files/Pods-AirlinesTests/Pods-AirlinesTests.release.xcconfig"; sourceTree = "<group>"; };
		A9B1AC77CEB2AEBA40912D82 /* Pods-Airlines.release.xcconfig */ = {isa = PBXFileReference; includeInIndex = 1; lastKnownFileType = text.xcconfig; name = "Pods-Airlines.release.xcconfig"; path = "Target Support Files/Pods-Airlines/Pods-Airlines.release.xcconfig"; sourceTree = "<group>"; };
		B72DF88C2C3DB15958CB6598 /* Pods-AirlinesTests.debug.xcconfig */ = {isa = PBXFileReference; includeInIndex = 1; lastKnownFileType = text.xcconfig; name = "Pods-AirlinesTests.debug.xcconfig"; path = "Target Support Files/Pods-AirlinesTests/Pods-AirlinesTests.debug.xcconfig"; sourceTree = "<group>"; };
		C028060D2856A39800D012A3 /* Airline.swift */ = {isa = PBXFileReference; lastKnownFileType = sourcecode.swift; path = Airline.swift; sourceTree = "<group>"; };
		C02806122856A6A900D012A3 /* AirlineListCoordinator.swift */ = {isa = PBXFileReference; lastKnownFileType = sourcecode.swift; path = AirlineListCoordinator.swift; sourceTree = "<group>"; };
		C0280B2628AC97BD00B6F367 /* PassengerListInteractorTest.swift */ = {isa = PBXFileReference; lastKnownFileType = sourcecode.swift; path = PassengerListInteractorTest.swift; sourceTree = "<group>"; };
		C0280B2C28AC97D900B6F367 /* PassengerListPresenterTest.swift */ = {isa = PBXFileReference; lastKnownFileType = sourcecode.swift; path = PassengerListPresenterTest.swift; sourceTree = "<group>"; };
		C028FBD528AD6A4000633EB6 /* PassengerViewModel.swift */ = {isa = PBXFileReference; lastKnownFileType = sourcecode.swift; path = PassengerViewModel.swift; sourceTree = "<group>"; };
		C029195128AD30DD00ECC76A /* Passenger.swift */ = {isa = PBXFileReference; lastKnownFileType = sourcecode.swift; path = Passenger.swift; sourceTree = "<group>"; };
		C029195728AD314F00ECC76A /* PassengerPayload.swift */ = {isa = PBXFileReference; lastKnownFileType = sourcecode.swift; path = PassengerPayload.swift; sourceTree = "<group>"; };
		C029195B28AD326600ECC76A /* PassengerEndpoint.swift */ = {isa = PBXFileReference; lastKnownFileType = sourcecode.swift; path = PassengerEndpoint.swift; sourceTree = "<group>"; };
		C034DFCB28A9B8710061BBBB /* ErrorViewModeling.swift */ = {isa = PBXFileReference; lastKnownFileType = sourcecode.swift; path = ErrorViewModeling.swift; sourceTree = "<group>"; };
		C034DFD128A9B9010061BBBB /* NetworkErrorViewModel.swift */ = {isa = PBXFileReference; lastKnownFileType = sourcecode.swift; path = NetworkErrorViewModel.swift; sourceTree = "<group>"; };
		C034DFD528A9B9F60061BBBB /* GenericErrorViewModel.swift */ = {isa = PBXFileReference; lastKnownFileType = sourcecode.swift; path = GenericErrorViewModel.swift; sourceTree = "<group>"; };
		C034DFDA28A9BB4E0061BBBB /* ErrorViewModelResolver.swift */ = {isa = PBXFileReference; lastKnownFileType = sourcecode.swift; path = ErrorViewModelResolver.swift; sourceTree = "<group>"; };
		C0352A1A28AE8D490069A7E8 /* PassengerMessage.swift */ = {isa = PBXFileReference; lastKnownFileType = sourcecode.swift; path = PassengerMessage.swift; sourceTree = "<group>"; };
		C08893E6288E57AD00CEAA86 /* PassengerFlowCoordinator.swift */ = {isa = PBXFileReference; lastKnownFileType = sourcecode.swift; path = PassengerFlowCoordinator.swift; sourceTree = "<group>"; };
		C09F752F288E276F0014DF13 /* AirlinesTests.xctest */ = {isa = PBXFileReference; explicitFileType = wrapper.cfbundle; includeInIndex = 0; path = AirlinesTests.xctest; sourceTree = BUILT_PRODUCTS_DIR; };
		C09F7533288E276F0014DF13 /* Info.plist */ = {isa = PBXFileReference; lastKnownFileType = text.plist.xml; path = Info.plist; sourceTree = "<group>"; };
		C09F7543288E287A0014DF13 /* AirlineListInteractorTest.swift */ = {isa = PBXFileReference; lastKnownFileType = sourcecode.swift; path = AirlineListInteractorTest.swift; sourceTree = "<group>"; };
		C09F754A288E2E4C0014DF13 /* Airline+Fixtures.swift */ = {isa = PBXFileReference; lastKnownFileType = sourcecode.swift; path = "Airline+Fixtures.swift"; sourceTree = "<group>"; };
		C09F7550288E337A0014DF13 /* AirlineListPresenterTest.swift */ = {isa = PBXFileReference; lastKnownFileType = sourcecode.swift; path = AirlineListPresenterTest.swift; sourceTree = "<group>"; };
		C0A7AE282858204D00D42292 /* Api.swift */ = {isa = PBXFileReference; lastKnownFileType = sourcecode.swift; path = Api.swift; sourceTree = "<group>"; };
		C0A7AE2C285820D300D42292 /* ApiEndpoint.swift */ = {isa = PBXFileReference; lastKnownFileType = sourcecode.swift; path = ApiEndpoint.swift; sourceTree = "<group>"; };
		C0A7AE2F2858251100D42292 /* ApiError.swift */ = {isa = PBXFileReference; lastKnownFileType = sourcecode.swift; path = ApiError.swift; sourceTree = "<group>"; };
		C0A7AE33285829D200D42292 /* AirlineEndpoint.swift */ = {isa = PBXFileReference; lastKnownFileType = sourcecode.swift; path = AirlineEndpoint.swift; sourceTree = "<group>"; };
		C0B8477D28A9A6CD00DA180E /* Space.swift */ = {isa = PBXFileReference; lastKnownFileType = sourcecode.swift; path = Space.swift; sourceTree = "<group>"; };
		C0B8478528A9AFB000DA180E /* Font.swift */ = {isa = PBXFileReference; lastKnownFileType = sourcecode.swift; path = Font.swift; sourceTree = "<group>"; };
		C0BEBC7128AC8BF4000EC428 /* PassengerListCoordinator.swift */ = {isa = PBXFileReference; lastKnownFileType = sourcecode.swift; path = PassengerListCoordinator.swift; sourceTree = "<group>"; };
		C0BEBC7528AC8C14000EC428 /* PassengerListFactory.swift */ = {isa = PBXFileReference; lastKnownFileType = sourcecode.swift; path = PassengerListFactory.swift; sourceTree = "<group>"; };
		C0BEBC7928AC8C39000EC428 /* PassengerListInteractor.swift */ = {isa = PBXFileReference; lastKnownFileType = sourcecode.swift; path = PassengerListInteractor.swift; sourceTree = "<group>"; };
		C0BEBC7D28AC8C62000EC428 /* PassengerListPresenter.swift */ = {isa = PBXFileReference; lastKnownFileType = sourcecode.swift; path = PassengerListPresenter.swift; sourceTree = "<group>"; };
		C0BEBC8128AC8C81000EC428 /* PassengerListService.swift */ = {isa = PBXFileReference; lastKnownFileType = sourcecode.swift; path = PassengerListService.swift; sourceTree = "<group>"; };
		C0BEBC8528AC8CA2000EC428 /* PassengerListViewController.swift */ = {isa = PBXFileReference; lastKnownFileType = sourcecode.swift; path = PassengerListViewController.swift; sourceTree = "<group>"; };
		C0CCF6A028A7F9D400E64BEB /* ErrorView.swift */ = {isa = PBXFileReference; lastKnownFileType = sourcecode.swift; path = ErrorView.swift; sourceTree = "<group>"; };
		C0D334FF28A73E1300F44D27 /* LoadingView.swift */ = {isa = PBXFileReference; lastKnownFileType = sourcecode.swift; path = LoadingView.swift; sourceTree = "<group>"; };
		C0D4845728ADF4E400757B02 /* PassengerListTableViewCell.swift */ = {isa = PBXFileReference; lastKnownFileType = sourcecode.swift; path = PassengerListTableViewCell.swift; sourceTree = "<group>"; };
		C0E9FAE7288E516C00D8FC8A /* AirlineFlowCoordinator.swift */ = {isa = PBXFileReference; lastKnownFileType = sourcecode.swift; path = AirlineFlowCoordinator.swift; sourceTree = "<group>"; };
		C0EE98D428AC3C67004D878F /* StatefulViewController.swift */ = {isa = PBXFileReference; lastKnownFileType = sourcecode.swift; path = StatefulViewController.swift; sourceTree = "<group>"; };
		C0F5FB3228A8B03D001E3396 /* swiftgen.yml */ = {isa = PBXFileReference; fileEncoding = 4; lastKnownFileType = text.yaml; path = swiftgen.yml; sourceTree = "<group>"; };
		C0F5FB5628A8B826001E3396 /* en */ = {isa = PBXFileReference; lastKnownFileType = text.plist.strings; name = en; path = en.lproj/Localizable.strings; sourceTree = "<group>"; };
		C0F5FB5F28A8B905001E3396 /* Strings.generated.swift */ = {isa = PBXFileReference; fileEncoding = 4; lastKnownFileType = sourcecode.swift; path = Strings.generated.swift; sourceTree = "<group>"; };
/* End PBXFileReference section */

/* Begin PBXFrameworksBuildPhase section */
		137DB625263F071600B4EEBF /* Frameworks */ = {
			isa = PBXFrameworksBuildPhase;
			buildActionMask = 2147483647;
			files = (
				170CA153A1EFDCC20F38D702 /* Pods_Airlines.framework in Frameworks */,
			);
			runOnlyForDeploymentPostprocessing = 0;
		};
		C09F752C288E276F0014DF13 /* Frameworks */ = {
			isa = PBXFrameworksBuildPhase;
			buildActionMask = 2147483647;
			files = (
				3795868A95A16CA8A13B01BA /* Pods_AirlinesTests.framework in Frameworks */,
			);
			runOnlyForDeploymentPostprocessing = 0;
		};
/* End PBXFrameworksBuildPhase section */

/* Begin PBXGroup section */
		137DB61F263F071600B4EEBF = {
			isa = PBXGroup;
			children = (
				C0F5FB3228A8B03D001E3396 /* swiftgen.yml */,
				137DB62A263F071600B4EEBF /* Airlines */,
				C09F7530288E276F0014DF13 /* AirlinesTests */,
				137DB629263F071600B4EEBF /* Products */,
				8AD8E864733EA76676A21992 /* Pods */,
				22FAA7BD3F8081204762E14E /* Frameworks */,
			);
			sourceTree = "<group>";
		};
		137DB629263F071600B4EEBF /* Products */ = {
			isa = PBXGroup;
			children = (
				137DB628263F071600B4EEBF /* Airlines.app */,
				C09F752F288E276F0014DF13 /* AirlinesTests.xctest */,
			);
			name = Products;
			sourceTree = "<group>";
		};
		137DB62A263F071600B4EEBF /* Airlines */ = {
			isa = PBXGroup;
			children = (
				C0A7AE32285829B400D42292 /* Endpoint */,
				C0E9FAE6288E514300D8FC8A /* Flow */,
				C0F5FB5228A8B7BA001E3396 /* Generated */,
				C0F5FB3928A8B282001E3396 /* Localizable */,
				137DB645263F0D1200B4EEBF /* Scenes */,
				137DB642263F0A3800B4EEBF /* Shared */,
				137DB62B263F071600B4EEBF /* AppDelegate.swift */,
				137DB643263F0A4900B4EEBF /* TabBarController.swift */,
				137DB62D263F071600B4EEBF /* SceneDelegate.swift */,
				137DB634263F071700B4EEBF /* Assets.xcassets */,
				137DB636263F071700B4EEBF /* LaunchScreen.storyboard */,
				137DB639263F071700B4EEBF /* Info.plist */,
			);
			path = Airlines;
			sourceTree = "<group>";
		};
		137DB642263F0A3800B4EEBF /* Shared */ = {
			isa = PBXGroup;
			children = (
				C0B8477B28A9A60100DA180E /* UI */,
				C0A7AE272858203500D42292 /* Networking */,
			);
			path = Shared;
			sourceTree = "<group>";
		};
		137DB645263F0D1200B4EEBF /* Scenes */ = {
			isa = PBXGroup;
			children = (
				137DB660263F5A5100B4EEBF /* Passenger */,
				137DB646263F0D2600B4EEBF /* Airline */,
			);
			path = Scenes;
			sourceTree = "<group>";
		};
		137DB646263F0D2600B4EEBF /* Airline */ = {
			isa = PBXGroup;
			children = (
				137DB647263F0D2D00B4EEBF /* AirlineList */,
			);
			path = Airline;
			sourceTree = "<group>";
		};
		137DB647263F0D2D00B4EEBF /* AirlineList */ = {
			isa = PBXGroup;
			children = (
				137DB658263F131F00B4EEBF /* Components */,
				C028060C2856A36A00D012A3 /* Models */,
				C02806122856A6A900D012A3 /* AirlineListCoordinator.swift */,
				137DB654263F104100B4EEBF /* AirlineListFactory.swift */,
				137DB64D263F0D4500B4EEBF /* AirlineListInteractor.swift */,
				137DB648263F0D4500B4EEBF /* AirlineListPresenter.swift */,
				137DB649263F0D4500B4EEBF /* AirlineListService.swift */,
				137DB64C263F0D4500B4EEBF /* AirlineListViewController.swift */,
			);
			path = AirlineList;
			sourceTree = "<group>";
		};
		137DB658263F131F00B4EEBF /* Components */ = {
			isa = PBXGroup;
			children = (
				137DB659263F133A00B4EEBF /* AirlineListTableViewCell.swift */,
			);
			path = Components;
			sourceTree = "<group>";
		};
		137DB65D263F39B300B4EEBF /* Extension */ = {
			isa = PBXGroup;
			children = (
				137DB65E263F39CD00B4EEBF /* UIImageView+Extension.swift */,
			);
			path = Extension;
			sourceTree = "<group>";
		};
		137DB660263F5A5100B4EEBF /* Passenger */ = {
			isa = PBXGroup;
			children = (
				C0BEBC7028AC8BBD000EC428 /* PassengerList */,
			);
			path = Passenger;
			sourceTree = "<group>";
		};
		22FAA7BD3F8081204762E14E /* Frameworks */ = {
			isa = PBXGroup;
			children = (
				4762845B85F2CF04E931CAAE /* Pods_Airlines.framework */,
				094D35898F9389D3E93AA52D /* Pods_AirlinesTests.framework */,
			);
			name = Frameworks;
			sourceTree = "<group>";
		};
		8AD8E864733EA76676A21992 /* Pods */ = {
			isa = PBXGroup;
			children = (
				34E803A218DFA8DCA95E2B8F /* Pods-Airlines.debug.xcconfig */,
				A9B1AC77CEB2AEBA40912D82 /* Pods-Airlines.release.xcconfig */,
				B72DF88C2C3DB15958CB6598 /* Pods-AirlinesTests.debug.xcconfig */,
				4BCFFCA7F344D9AFB13309C3 /* Pods-AirlinesTests.release.xcconfig */,
			);
			path = Pods;
			sourceTree = "<group>";
		};
		C028060C2856A36A00D012A3 /* Models */ = {
			isa = PBXGroup;
			children = (
				C028060D2856A39800D012A3 /* Airline.swift */,
			);
			path = Models;
			sourceTree = "<group>";
		};
		C0280B2428AC934D00B6F367 /* Passenger */ = {
			isa = PBXGroup;
			children = (
				C0280B2528AC935A00B6F367 /* PassengerList */,
			);
			path = Passenger;
			sourceTree = "<group>";
		};
		C0280B2528AC935A00B6F367 /* PassengerList */ = {
			isa = PBXGroup;
			children = (
				C0280B2628AC97BD00B6F367 /* PassengerListInteractorTest.swift */,
				C0280B2C28AC97D900B6F367 /* PassengerListPresenterTest.swift */,
			);
			path = PassengerList;
			sourceTree = "<group>";
		};
		C028FBD428AD6A2800633EB6 /* ViewModels */ = {
			isa = PBXGroup;
			children = (
				C028FBD528AD6A4000633EB6 /* PassengerViewModel.swift */,
			);
			path = ViewModels;
			sourceTree = "<group>";
		};
		C029195028AD309500ECC76A /* Models */ = {
			isa = PBXGroup;
			children = (
				C029195128AD30DD00ECC76A /* Passenger.swift */,
				C029195728AD314F00ECC76A /* PassengerPayload.swift */,
				C0352A1A28AE8D490069A7E8 /* PassengerMessage.swift */,
			);
			path = Models;
			sourceTree = "<group>";
		};
		C034DFCA28A9B8560061BBBB /* Error */ = {
			isa = PBXGroup;
			children = (
				C034DFCB28A9B8710061BBBB /* ErrorViewModeling.swift */,
				C034DFDA28A9BB4E0061BBBB /* ErrorViewModelResolver.swift */,
				C034DFD928A9BB1D0061BBBB /* ViewModels */,
			);
			path = Error;
			sourceTree = "<group>";
		};
		C034DFD928A9BB1D0061BBBB /* ViewModels */ = {
			isa = PBXGroup;
			children = (
				C034DFD528A9B9F60061BBBB /* GenericErrorViewModel.swift */,
				C034DFD128A9B9010061BBBB /* NetworkErrorViewModel.swift */,
			);
			path = ViewModels;
			sourceTree = "<group>";
		};
		C09F7530288E276F0014DF13 /* AirlinesTests */ = {
			isa = PBXGroup;
			children = (
				C09F753C288E27A80014DF13 /* Scenes */,
				C09F7533288E276F0014DF13 /* Info.plist */,
			);
			path = AirlinesTests;
			sourceTree = "<group>";
		};
		C09F753C288E27A80014DF13 /* Scenes */ = {
			isa = PBXGroup;
			children = (
				C09F753D288E27B60014DF13 /* Airline */,
				C0280B2428AC934D00B6F367 /* Passenger */,
			);
			path = Scenes;
			sourceTree = "<group>";
		};
		C09F753D288E27B60014DF13 /* Airline */ = {
			isa = PBXGroup;
			children = (
				C09F753E288E27C30014DF13 /* AirlineList */,
			);
			path = Airline;
			sourceTree = "<group>";
		};
		C09F753E288E27C30014DF13 /* AirlineList */ = {
			isa = PBXGroup;
			children = (
				C09F7549288E2E300014DF13 /* Fixture */,
				C09F7543288E287A0014DF13 /* AirlineListInteractorTest.swift */,
				C09F7550288E337A0014DF13 /* AirlineListPresenterTest.swift */,
			);
			path = AirlineList;
			sourceTree = "<group>";
		};
		C09F7549288E2E300014DF13 /* Fixture */ = {
			isa = PBXGroup;
			children = (
				C09F754A288E2E4C0014DF13 /* Airline+Fixtures.swift */,
			);
			path = Fixture;
			sourceTree = "<group>";
		};
		C0A7AE272858203500D42292 /* Networking */ = {
			isa = PBXGroup;
			children = (
				137DB65D263F39B300B4EEBF /* Extension */,
				C0A7AE282858204D00D42292 /* Api.swift */,
				C0A7AE2C285820D300D42292 /* ApiEndpoint.swift */,
				C0A7AE2F2858251100D42292 /* ApiError.swift */,
			);
			path = Networking;
			sourceTree = "<group>";
		};
		C0A7AE32285829B400D42292 /* Endpoint */ = {
			isa = PBXGroup;
			children = (
				C0A7AE33285829D200D42292 /* AirlineEndpoint.swift */,
				C029195B28AD326600ECC76A /* PassengerEndpoint.swift */,
			);
			path = Endpoint;
			sourceTree = "<group>";
		};
		C0B8477B28A9A60100DA180E /* UI */ = {
			isa = PBXGroup;
			children = (
				C0EE98D028AC3BC8004D878F /* Helpers */,
				C0B8477C28A9A61400DA180E /* Tokens */,
				C0D334FE28A73DF400F44D27 /* Components */,
			);
			path = UI;
			sourceTree = "<group>";
		};
		C0B8477C28A9A61400DA180E /* Tokens */ = {
			isa = PBXGroup;
			children = (
				C0B8477D28A9A6CD00DA180E /* Space.swift */,
				C0B8478528A9AFB000DA180E /* Font.swift */,
			);
			path = Tokens;
			sourceTree = "<group>";
		};
		C0BEBC7028AC8BBD000EC428 /* PassengerList */ = {
			isa = PBXGroup;
			children = (
				C0D4845628ADF49900757B02 /* Components */,
				C029195028AD309500ECC76A /* Models */,
				C028FBD428AD6A2800633EB6 /* ViewModels */,
				C0BEBC7128AC8BF4000EC428 /* PassengerListCoordinator.swift */,
				C0BEBC7528AC8C14000EC428 /* PassengerListFactory.swift */,
				C0BEBC7928AC8C39000EC428 /* PassengerListInteractor.swift */,
				C0BEBC7D28AC8C62000EC428 /* PassengerListPresenter.swift */,
				C0BEBC8128AC8C81000EC428 /* PassengerListService.swift */,
				C0BEBC8528AC8CA2000EC428 /* PassengerListViewController.swift */,
			);
			path = PassengerList;
			sourceTree = "<group>";
		};
		C0D334FE28A73DF400F44D27 /* Components */ = {
			isa = PBXGroup;
			children = (
				C0D334FF28A73E1300F44D27 /* LoadingView.swift */,
				C0CCF6A028A7F9D400E64BEB /* ErrorView.swift */,
			);
			path = Components;
			sourceTree = "<group>";
		};
		C0D4845628ADF49900757B02 /* Components */ = {
			isa = PBXGroup;
			children = (
				C0D4845728ADF4E400757B02 /* PassengerListTableViewCell.swift */,
			);
			path = Components;
			sourceTree = "<group>";
		};
		C0E9FAE6288E514300D8FC8A /* Flow */ = {
			isa = PBXGroup;
			children = (
				C0E9FAE7288E516C00D8FC8A /* AirlineFlowCoordinator.swift */,
				C08893E6288E57AD00CEAA86 /* PassengerFlowCoordinator.swift */,
			);
			path = Flow;
			sourceTree = "<group>";
		};
		C0EE98D028AC3BC8004D878F /* Helpers */ = {
			isa = PBXGroup;
			children = (
				C0EE98D128AC3BD3004D878F /* StatefulView */,
			);
			path = Helpers;
			sourceTree = "<group>";
		};
		C0EE98D128AC3BD3004D878F /* StatefulView */ = {
			isa = PBXGroup;
			children = (
				C034DFCA28A9B8560061BBBB /* Error */,
				C0EE98D428AC3C67004D878F /* StatefulViewController.swift */,
			);
			path = StatefulView;
			sourceTree = "<group>";
		};
		C0F5FB3928A8B282001E3396 /* Localizable */ = {
			isa = PBXGroup;
			children = (
				C0F5FB5728A8B826001E3396 /* Localizable.strings */,
			);
			path = Localizable;
			sourceTree = "<group>";
		};
		C0F5FB5228A8B7BA001E3396 /* Generated */ = {
			isa = PBXGroup;
			children = (
				C0F5FB5F28A8B905001E3396 /* Strings.generated.swift */,
			);
			path = Generated;
			sourceTree = "<group>";
		};
/* End PBXGroup section */

/* Begin PBXNativeTarget section */
		137DB627263F071600B4EEBF /* Airlines */ = {
			isa = PBXNativeTarget;
			buildConfigurationList = 137DB63C263F071700B4EEBF /* Build configuration list for PBXNativeTarget "Airlines" */;
			buildPhases = (
				3659A7D2477777C5DFBC8098 /* [CP] Check Pods Manifest.lock */,
				C0F5FB3628A8B0CF001E3396 /* SwiftGen */,
				137DB624263F071600B4EEBF /* Sources */,
				137DB625263F071600B4EEBF /* Frameworks */,
				137DB626263F071600B4EEBF /* Resources */,
			);
			buildRules = (
			);
			dependencies = (
			);
			name = Airlines;
			productName = Airlines;
			productReference = 137DB628263F071600B4EEBF /* Airlines.app */;
			productType = "com.apple.product-type.application";
		};
		C09F752E288E276F0014DF13 /* AirlinesTests */ = {
			isa = PBXNativeTarget;
			buildConfigurationList = C09F7538288E276F0014DF13 /* Build configuration list for PBXNativeTarget "AirlinesTests" */;
			buildPhases = (
				8403DC23CEF993A8D5704CF1 /* [CP] Check Pods Manifest.lock */,
				C09F752B288E276F0014DF13 /* Sources */,
				C09F752C288E276F0014DF13 /* Frameworks */,
				C09F752D288E276F0014DF13 /* Resources */,
			);
			buildRules = (
			);
			dependencies = (
				C09F7535288E276F0014DF13 /* PBXTargetDependency */,
			);
			name = AirlinesTests;
			productName = AirlinesTests;
			productReference = C09F752F288E276F0014DF13 /* AirlinesTests.xctest */;
			productType = "com.apple.product-type.bundle.unit-test";
		};
/* End PBXNativeTarget section */

/* Begin PBXProject section */
		137DB620263F071600B4EEBF /* Project object */ = {
			isa = PBXProject;
			attributes = {
				LastSwiftUpdateCheck = 1240;
				LastUpgradeCheck = 1130;
				ORGANIZATIONNAME = "Gabriel Alves Moreira";
				TargetAttributes = {
					137DB627263F071600B4EEBF = {
						CreatedOnToolsVersion = 11.3.1;
					};
					C09F752E288E276F0014DF13 = {
						CreatedOnToolsVersion = 12.4;
						LastSwiftMigration = 1240;
						TestTargetID = 137DB627263F071600B4EEBF;
					};
				};
			};
			buildConfigurationList = 137DB623263F071600B4EEBF /* Build configuration list for PBXProject "Airlines" */;
			compatibilityVersion = "Xcode 9.3";
			developmentRegion = en;
			hasScannedForEncodings = 0;
			knownRegions = (
				en,
				Base,
			);
			mainGroup = 137DB61F263F071600B4EEBF;
			productRefGroup = 137DB629263F071600B4EEBF /* Products */;
			projectDirPath = "";
			projectRoot = "";
			targets = (
				137DB627263F071600B4EEBF /* Airlines */,
				C09F752E288E276F0014DF13 /* AirlinesTests */,
			);
		};
/* End PBXProject section */

/* Begin PBXResourcesBuildPhase section */
		137DB626263F071600B4EEBF /* Resources */ = {
			isa = PBXResourcesBuildPhase;
			buildActionMask = 2147483647;
			files = (
				137DB638263F071700B4EEBF /* LaunchScreen.storyboard in Resources */,
				C0F5FB5528A8B826001E3396 /* Localizable.strings in Resources */,
				137DB635263F071700B4EEBF /* Assets.xcassets in Resources */,
				C0F5FB3328A8B03D001E3396 /* swiftgen.yml in Resources */,
			);
			runOnlyForDeploymentPostprocessing = 0;
		};
		C09F752D288E276F0014DF13 /* Resources */ = {
			isa = PBXResourcesBuildPhase;
			buildActionMask = 2147483647;
			files = (
			);
			runOnlyForDeploymentPostprocessing = 0;
		};
/* End PBXResourcesBuildPhase section */

/* Begin PBXShellScriptBuildPhase section */
		3659A7D2477777C5DFBC8098 /* [CP] Check Pods Manifest.lock */ = {
			isa = PBXShellScriptBuildPhase;
			buildActionMask = 2147483647;
			files = (
			);
			inputFileListPaths = (
			);
			inputPaths = (
				"${PODS_PODFILE_DIR_PATH}/Podfile.lock",
				"${PODS_ROOT}/Manifest.lock",
			);
			name = "[CP] Check Pods Manifest.lock";
			outputFileListPaths = (
			);
			outputPaths = (
				"$(DERIVED_FILE_DIR)/Pods-Airlines-checkManifestLockResult.txt",
			);
			runOnlyForDeploymentPostprocessing = 0;
			shellPath = /bin/sh;
			shellScript = "diff \"${PODS_PODFILE_DIR_PATH}/Podfile.lock\" \"${PODS_ROOT}/Manifest.lock\" > /dev/null\nif [ $? != 0 ] ; then\n    # print error to STDERR\n    echo \"error: The sandbox is not in sync with the Podfile.lock. Run 'pod install' or update your CocoaPods installation.\" >&2\n    exit 1\nfi\n# This output is used by Xcode 'outputs' to avoid re-running this script phase.\necho \"SUCCESS\" > \"${SCRIPT_OUTPUT_FILE_0}\"\n";
			showEnvVarsInLog = 0;
		};
		8403DC23CEF993A8D5704CF1 /* [CP] Check Pods Manifest.lock */ = {
			isa = PBXShellScriptBuildPhase;
			buildActionMask = 2147483647;
			files = (
			);
			inputFileListPaths = (
			);
			inputPaths = (
				"${PODS_PODFILE_DIR_PATH}/Podfile.lock",
				"${PODS_ROOT}/Manifest.lock",
			);
			name = "[CP] Check Pods Manifest.lock";
			outputFileListPaths = (
			);
			outputPaths = (
				"$(DERIVED_FILE_DIR)/Pods-AirlinesTests-checkManifestLockResult.txt",
			);
			runOnlyForDeploymentPostprocessing = 0;
			shellPath = /bin/sh;
			shellScript = "diff \"${PODS_PODFILE_DIR_PATH}/Podfile.lock\" \"${PODS_ROOT}/Manifest.lock\" > /dev/null\nif [ $? != 0 ] ; then\n    # print error to STDERR\n    echo \"error: The sandbox is not in sync with the Podfile.lock. Run 'pod install' or update your CocoaPods installation.\" >&2\n    exit 1\nfi\n# This output is used by Xcode 'outputs' to avoid re-running this script phase.\necho \"SUCCESS\" > \"${SCRIPT_OUTPUT_FILE_0}\"\n";
			showEnvVarsInLog = 0;
		};
		C0F5FB3628A8B0CF001E3396 /* SwiftGen */ = {
			isa = PBXShellScriptBuildPhase;
			buildActionMask = 2147483647;
			files = (
			);
			inputFileListPaths = (
			);
			inputPaths = (
			);
			name = SwiftGen;
			outputFileListPaths = (
			);
			outputPaths = (
			);
			runOnlyForDeploymentPostprocessing = 0;
			shellPath = /bin/sh;
			shellScript = "if [[ -f \"${PODS_ROOT}/SwiftGen/bin/swiftgen\" ]]; then\n  \"${PODS_ROOT}/SwiftGen/bin/swiftgen\"\nelse\n  echo \"warning: SwiftGen is not installed. Run 'pod install --repo-update' to install it.\"\nfi \n";
		};
/* End PBXShellScriptBuildPhase section */

/* Begin PBXSourcesBuildPhase section */
		137DB624263F071600B4EEBF /* Sources */ = {
			isa = PBXSourcesBuildPhase;
			buildActionMask = 2147483647;
			files = (
				137DB65F263F39CD00B4EEBF /* UIImageView+Extension.swift in Sources */,
				C029195C28AD326600ECC76A /* PassengerEndpoint.swift in Sources */,
				C034DFD628A9B9F60061BBBB /* GenericErrorViewModel.swift in Sources */,
				C0E9FAE8288E516C00D8FC8A /* AirlineFlowCoordinator.swift in Sources */,
				C034DFDB28A9BB4E0061BBBB /* ErrorViewModelResolver.swift in Sources */,
				C0A7AE2D285820D300D42292 /* ApiEndpoint.swift in Sources */,
				137DB655263F104100B4EEBF /* AirlineListFactory.swift in Sources */,
				C0BEBC7628AC8C14000EC428 /* PassengerListFactory.swift in Sources */,
				C034DFCC28A9B8710061BBBB /* ErrorViewModeling.swift in Sources */,
				C0A7AE302858251100D42292 /* ApiError.swift in Sources */,
				C0BEBC7E28AC8C62000EC428 /* PassengerListPresenter.swift in Sources */,
				137DB652263F0D4500B4EEBF /* AirlineListViewController.swift in Sources */,
				C0D3350028A73E1300F44D27 /* LoadingView.swift in Sources */,
				C028FBD628AD6A4000633EB6 /* PassengerViewModel.swift in Sources */,
				C0BEBC8628AC8CA2000EC428 /* PassengerListViewController.swift in Sources */,
				137DB65A263F133A00B4EEBF /* AirlineListTableViewCell.swift in Sources */,
				C0352A1B28AE8D490069A7E8 /* PassengerMessage.swift in Sources */,
				C0CCF6A128A7F9D400E64BEB /* ErrorView.swift in Sources */,
				137DB644263F0A4900B4EEBF /* TabBarController.swift in Sources */,
				C0BEBC8228AC8C81000EC428 /* PassengerListService.swift in Sources */,
				137DB64E263F0D4500B4EEBF /* AirlineListPresenter.swift in Sources */,
				C0B8477E28A9A6CD00DA180E /* Space.swift in Sources */,
				C0EE98D528AC3C67004D878F /* StatefulViewController.swift in Sources */,
				C029195228AD30DD00ECC76A /* Passenger.swift in Sources */,
				C0F5FB6028A8B906001E3396 /* Strings.generated.swift in Sources */,
				137DB62C263F071600B4EEBF /* AppDelegate.swift in Sources */,
				137DB64F263F0D4500B4EEBF /* AirlineListService.swift in Sources */,
				C02806132856A6A900D012A3 /* AirlineListCoordinator.swift in Sources */,
				C0BEBC7228AC8BF4000EC428 /* PassengerListCoordinator.swift in Sources */,
				137DB653263F0D4500B4EEBF /* AirlineListInteractor.swift in Sources */,
				C0A7AE34285829D200D42292 /* AirlineEndpoint.swift in Sources */,
				C0B8478628A9AFB000DA180E /* Font.swift in Sources */,
				C0A7AE292858204D00D42292 /* Api.swift in Sources */,
				137DB62E263F071600B4EEBF /* SceneDelegate.swift in Sources */,
				C0BEBC7A28AC8C39000EC428 /* PassengerListInteractor.swift in Sources */,
				C029195828AD314F00ECC76A /* PassengerPayload.swift in Sources */,
				C028060E2856A39800D012A3 /* Airline.swift in Sources */,
				C0D4845828ADF4E400757B02 /* PassengerListTableViewCell.swift in Sources */,
				C034DFD228A9B9010061BBBB /* NetworkErrorViewModel.swift in Sources */,
				C08893E7288E57AD00CEAA86 /* PassengerFlowCoordinator.swift in Sources */,
			);
			runOnlyForDeploymentPostprocessing = 0;
		};
		C09F752B288E276F0014DF13 /* Sources */ = {
			isa = PBXSourcesBuildPhase;
			buildActionMask = 2147483647;
			files = (
				C0280B2D28AC97D900B6F367 /* PassengerListPresenterTest.swift in Sources */,
				C09F754B288E2E4C0014DF13 /* Airline+Fixtures.swift in Sources */,
				C0280B2728AC97BD00B6F367 /* PassengerListInteractorTest.swift in Sources */,
				C09F7551288E337A0014DF13 /* AirlineListPresenterTest.swift in Sources */,
				C09F7544288E287A0014DF13 /* AirlineListInteractorTest.swift in Sources */,
			);
			runOnlyForDeploymentPostprocessing = 0;
		};
/* End PBXSourcesBuildPhase section */

/* Begin PBXTargetDependency section */
		C09F7535288E276F0014DF13 /* PBXTargetDependency */ = {
			isa = PBXTargetDependency;
			target = 137DB627263F071600B4EEBF /* Airlines */;
			targetProxy = C09F7534288E276F0014DF13 /* PBXContainerItemProxy */;
		};
/* End PBXTargetDependency section */

/* Begin PBXVariantGroup section */
		137DB636263F071700B4EEBF /* LaunchScreen.storyboard */ = {
			isa = PBXVariantGroup;
			children = (
				137DB637263F071700B4EEBF /* Base */,
			);
			name = LaunchScreen.storyboard;
			sourceTree = "<group>";
		};
		C0F5FB5728A8B826001E3396 /* Localizable.strings */ = {
			isa = PBXVariantGroup;
			children = (
				C0F5FB5628A8B826001E3396 /* en */,
			);
			name = Localizable.strings;
			sourceTree = "<group>";
		};
/* End PBXVariantGroup section */

/* Begin XCBuildConfiguration section */
		137DB63A263F071700B4EEBF /* Debug */ = {
			isa = XCBuildConfiguration;
			buildSettings = {
				ALWAYS_SEARCH_USER_PATHS = NO;
				CLANG_ANALYZER_NONNULL = YES;
				CLANG_ANALYZER_NUMBER_OBJECT_CONVERSION = YES_AGGRESSIVE;
				CLANG_CXX_LANGUAGE_STANDARD = "gnu++14";
				CLANG_CXX_LIBRARY = "libc++";
				CLANG_ENABLE_MODULES = YES;
				CLANG_ENABLE_OBJC_ARC = YES;
				CLANG_ENABLE_OBJC_WEAK = YES;
				CLANG_WARN_BLOCK_CAPTURE_AUTORELEASING = YES;
				CLANG_WARN_BOOL_CONVERSION = YES;
				CLANG_WARN_COMMA = YES;
				CLANG_WARN_CONSTANT_CONVERSION = YES;
				CLANG_WARN_DEPRECATED_OBJC_IMPLEMENTATIONS = YES;
				CLANG_WARN_DIRECT_OBJC_ISA_USAGE = YES_ERROR;
				CLANG_WARN_DOCUMENTATION_COMMENTS = YES;
				CLANG_WARN_EMPTY_BODY = YES;
				CLANG_WARN_ENUM_CONVERSION = YES;
				CLANG_WARN_INFINITE_RECURSION = YES;
				CLANG_WARN_INT_CONVERSION = YES;
				CLANG_WARN_NON_LITERAL_NULL_CONVERSION = YES;
				CLANG_WARN_OBJC_IMPLICIT_RETAIN_SELF = YES;
				CLANG_WARN_OBJC_LITERAL_CONVERSION = YES;
				CLANG_WARN_OBJC_ROOT_CLASS = YES_ERROR;
				CLANG_WARN_RANGE_LOOP_ANALYSIS = YES;
				CLANG_WARN_STRICT_PROTOTYPES = YES;
				CLANG_WARN_SUSPICIOUS_MOVE = YES;
				CLANG_WARN_UNGUARDED_AVAILABILITY = YES_AGGRESSIVE;
				CLANG_WARN_UNREACHABLE_CODE = YES;
				CLANG_WARN__DUPLICATE_METHOD_MATCH = YES;
				COPY_PHASE_STRIP = NO;
				DEBUG_INFORMATION_FORMAT = dwarf;
				ENABLE_STRICT_OBJC_MSGSEND = YES;
				ENABLE_TESTABILITY = YES;
				GCC_C_LANGUAGE_STANDARD = gnu11;
				GCC_DYNAMIC_NO_PIC = NO;
				GCC_NO_COMMON_BLOCKS = YES;
				GCC_OPTIMIZATION_LEVEL = 0;
				GCC_PREPROCESSOR_DEFINITIONS = (
					"DEBUG=1",
					"$(inherited)",
				);
				GCC_WARN_64_TO_32_BIT_CONVERSION = YES;
				GCC_WARN_ABOUT_RETURN_TYPE = YES_ERROR;
				GCC_WARN_UNDECLARED_SELECTOR = YES;
				GCC_WARN_UNINITIALIZED_AUTOS = YES_AGGRESSIVE;
				GCC_WARN_UNUSED_FUNCTION = YES;
				GCC_WARN_UNUSED_VARIABLE = YES;
				IPHONEOS_DEPLOYMENT_TARGET = 13.2;
				MTL_ENABLE_DEBUG_INFO = INCLUDE_SOURCE;
				MTL_FAST_MATH = YES;
				ONLY_ACTIVE_ARCH = YES;
				SDKROOT = iphoneos;
				SWIFT_ACTIVE_COMPILATION_CONDITIONS = DEBUG;
				SWIFT_OPTIMIZATION_LEVEL = "-Onone";
			};
			name = Debug;
		};
		137DB63B263F071700B4EEBF /* Release */ = {
			isa = XCBuildConfiguration;
			buildSettings = {
				ALWAYS_SEARCH_USER_PATHS = NO;
				CLANG_ANALYZER_NONNULL = YES;
				CLANG_ANALYZER_NUMBER_OBJECT_CONVERSION = YES_AGGRESSIVE;
				CLANG_CXX_LANGUAGE_STANDARD = "gnu++14";
				CLANG_CXX_LIBRARY = "libc++";
				CLANG_ENABLE_MODULES = YES;
				CLANG_ENABLE_OBJC_ARC = YES;
				CLANG_ENABLE_OBJC_WEAK = YES;
				CLANG_WARN_BLOCK_CAPTURE_AUTORELEASING = YES;
				CLANG_WARN_BOOL_CONVERSION = YES;
				CLANG_WARN_COMMA = YES;
				CLANG_WARN_CONSTANT_CONVERSION = YES;
				CLANG_WARN_DEPRECATED_OBJC_IMPLEMENTATIONS = YES;
				CLANG_WARN_DIRECT_OBJC_ISA_USAGE = YES_ERROR;
				CLANG_WARN_DOCUMENTATION_COMMENTS = YES;
				CLANG_WARN_EMPTY_BODY = YES;
				CLANG_WARN_ENUM_CONVERSION = YES;
				CLANG_WARN_INFINITE_RECURSION = YES;
				CLANG_WARN_INT_CONVERSION = YES;
				CLANG_WARN_NON_LITERAL_NULL_CONVERSION = YES;
				CLANG_WARN_OBJC_IMPLICIT_RETAIN_SELF = YES;
				CLANG_WARN_OBJC_LITERAL_CONVERSION = YES;
				CLANG_WARN_OBJC_ROOT_CLASS = YES_ERROR;
				CLANG_WARN_RANGE_LOOP_ANALYSIS = YES;
				CLANG_WARN_STRICT_PROTOTYPES = YES;
				CLANG_WARN_SUSPICIOUS_MOVE = YES;
				CLANG_WARN_UNGUARDED_AVAILABILITY = YES_AGGRESSIVE;
				CLANG_WARN_UNREACHABLE_CODE = YES;
				CLANG_WARN__DUPLICATE_METHOD_MATCH = YES;
				COPY_PHASE_STRIP = NO;
				DEBUG_INFORMATION_FORMAT = "dwarf-with-dsym";
				ENABLE_NS_ASSERTIONS = NO;
				ENABLE_STRICT_OBJC_MSGSEND = YES;
				GCC_C_LANGUAGE_STANDARD = gnu11;
				GCC_NO_COMMON_BLOCKS = YES;
				GCC_WARN_64_TO_32_BIT_CONVERSION = YES;
				GCC_WARN_ABOUT_RETURN_TYPE = YES_ERROR;
				GCC_WARN_UNDECLARED_SELECTOR = YES;
				GCC_WARN_UNINITIALIZED_AUTOS = YES_AGGRESSIVE;
				GCC_WARN_UNUSED_FUNCTION = YES;
				GCC_WARN_UNUSED_VARIABLE = YES;
				IPHONEOS_DEPLOYMENT_TARGET = 13.2;
				MTL_ENABLE_DEBUG_INFO = NO;
				MTL_FAST_MATH = YES;
				SDKROOT = iphoneos;
				SWIFT_COMPILATION_MODE = wholemodule;
				SWIFT_OPTIMIZATION_LEVEL = "-O";
				VALIDATE_PRODUCT = YES;
			};
			name = Release;
		};
		137DB63D263F071700B4EEBF /* Debug */ = {
			isa = XCBuildConfiguration;
			baseConfigurationReference = 34E803A218DFA8DCA95E2B8F /* Pods-Airlines.debug.xcconfig */;
			buildSettings = {
				ASSETCATALOG_COMPILER_APPICON_NAME = AppIcon;
				CODE_SIGN_STYLE = Automatic;
				INFOPLIST_FILE = Airlines/Info.plist;
				LD_RUNPATH_SEARCH_PATHS = (
					"$(inherited)",
					"@executable_path/Frameworks",
				);
				PRODUCT_BUNDLE_IDENTIFIER = com.example.Airlines;
				PRODUCT_NAME = "$(TARGET_NAME)";
				SWIFT_VERSION = 5.0;
				TARGETED_DEVICE_FAMILY = "1,2";
			};
			name = Debug;
		};
		137DB63E263F071700B4EEBF /* Release */ = {
			isa = XCBuildConfiguration;
			baseConfigurationReference = A9B1AC77CEB2AEBA40912D82 /* Pods-Airlines.release.xcconfig */;
			buildSettings = {
				ASSETCATALOG_COMPILER_APPICON_NAME = AppIcon;
				CODE_SIGN_STYLE = Automatic;
				INFOPLIST_FILE = Airlines/Info.plist;
				LD_RUNPATH_SEARCH_PATHS = (
					"$(inherited)",
					"@executable_path/Frameworks",
				);
				PRODUCT_BUNDLE_IDENTIFIER = com.example.Airlines;
				PRODUCT_NAME = "$(TARGET_NAME)";
				SWIFT_VERSION = 5.0;
				TARGETED_DEVICE_FAMILY = "1,2";
			};
			name = Release;
		};
		C09F7536288E276F0014DF13 /* Debug */ = {
			isa = XCBuildConfiguration;
			baseConfigurationReference = B72DF88C2C3DB15958CB6598 /* Pods-AirlinesTests.debug.xcconfig */;
			buildSettings = {
				BUNDLE_LOADER = "$(TEST_HOST)";
				CLANG_ENABLE_MODULES = YES;
				CLANG_WARN_QUOTED_INCLUDE_IN_FRAMEWORK_HEADER = YES;
				CODE_SIGN_STYLE = Automatic;
				INFOPLIST_FILE = AirlinesTests/Info.plist;
				IPHONEOS_DEPLOYMENT_TARGET = 14.4;
				LD_RUNPATH_SEARCH_PATHS = (
					"$(inherited)",
					"@executable_path/Frameworks",
					"@loader_path/Frameworks",
				);
				PRODUCT_BUNDLE_IDENTIFIER = com.example.AirlinesTests;
				PRODUCT_NAME = "$(TARGET_NAME)";
				SWIFT_OPTIMIZATION_LEVEL = "-Onone";
				SWIFT_VERSION = 5.0;
				TARGETED_DEVICE_FAMILY = "1,2";
				TEST_HOST = "$(BUILT_PRODUCTS_DIR)/Airlines.app/Airlines";
			};
			name = Debug;
		};
		C09F7537288E276F0014DF13 /* Release */ = {
			isa = XCBuildConfiguration;
			baseConfigurationReference = 4BCFFCA7F344D9AFB13309C3 /* Pods-AirlinesTests.release.xcconfig */;
			buildSettings = {
				BUNDLE_LOADER = "$(TEST_HOST)";
				CLANG_ENABLE_MODULES = YES;
				CLANG_WARN_QUOTED_INCLUDE_IN_FRAMEWORK_HEADER = YES;
				CODE_SIGN_STYLE = Automatic;
				INFOPLIST_FILE = AirlinesTests/Info.plist;
				IPHONEOS_DEPLOYMENT_TARGET = 14.4;
				LD_RUNPATH_SEARCH_PATHS = (
					"$(inherited)",
					"@executable_path/Frameworks",
					"@loader_path/Frameworks",
				);
				PRODUCT_BUNDLE_IDENTIFIER = com.example.AirlinesTests;
				PRODUCT_NAME = "$(TARGET_NAME)";
				SWIFT_VERSION = 5.0;
				TARGETED_DEVICE_FAMILY = "1,2";
				TEST_HOST = "$(BUILT_PRODUCTS_DIR)/Airlines.app/Airlines";
			};
			name = Release;
		};
/* End XCBuildConfiguration section */

/* Begin XCConfigurationList section */
		137DB623263F071600B4EEBF /* Build configuration list for PBXProject "Airlines" */ = {
			isa = XCConfigurationList;
			buildConfigurations = (
				137DB63A263F071700B4EEBF /* Debug */,
				137DB63B263F071700B4EEBF /* Release */,
			);
			defaultConfigurationIsVisible = 0;
			defaultConfigurationName = Release;
		};
		137DB63C263F071700B4EEBF /* Build configuration list for PBXNativeTarget "Airlines" */ = {
			isa = XCConfigurationList;
			buildConfigurations = (
				137DB63D263F071700B4EEBF /* Debug */,
				137DB63E263F071700B4EEBF /* Release */,
			);
			defaultConfigurationIsVisible = 0;
			defaultConfigurationName = Release;
		};
		C09F7538288E276F0014DF13 /* Build configuration list for PBXNativeTarget "AirlinesTests" */ = {
			isa = XCConfigurationList;
			buildConfigurations = (
				C09F7536288E276F0014DF13 /* Debug */,
				C09F7537288E276F0014DF13 /* Release */,
			);
			defaultConfigurationIsVisible = 0;
			defaultConfigurationName = Release;
		};
/* End XCConfigurationList section */
	};
	rootObject = 137DB620263F071600B4EEBF /* Project object */;
}
