// !$*UTF8*$!
{
	archiveVersion = 1;
	classes = {
	};
	objectVersion = 50;
	objects = {

/* Begin PBXBuildFile section */
		137DB62C263F071600B4EEBF /* AppDelegate.swift in Sources */ = {isa = PBXBuildFile; fileRef = 137DB62B263F071600B4EEBF /* AppDelegate.swift */; };
		137DB62E263F071600B4EEBF /* SceneDelegate.swift in Sources */ = {isa = PBXBuildFile; fileRef = 137DB62D263F071600B4EEBF /* SceneDelegate.swift */; };
		137DB635263F071700B4EEBF /* Assets.xcassets in Resources */ = {isa = PBXBuildFile; fileRef = 137DB634263F071700B4EEBF /* Assets.xcassets */; };
		137DB638263F071700B4EEBF /* LaunchScreen.storyboard in Resources */ = {isa = PBXBuildFile; fileRef = 137DB636263F071700B4EEBF /* LaunchScreen.storyboard */; };
		137DB644263F0A4900B4EEBF /* TabBarController.swift in Sources */ = {isa = PBXBuildFile; fileRef = 137DB643263F0A4900B4EEBF /* TabBarController.swift */; };
		137DB64E263F0D4500B4EEBF /* AirlineListPresenter.swift in Sources */ = {isa = PBXBuildFile; fileRef = 137DB648263F0D4500B4EEBF /* AirlineListPresenter.swift */; };
		137DB64F263F0D4500B4EEBF /* AirlineListService.swift in Sources */ = {isa = PBXBuildFile; fileRef = 137DB649263F0D4500B4EEBF /* AirlineListService.swift */; };
		137DB652263F0D4500B4EEBF /* AirlineListViewController.swift in Sources */ = {isa = PBXBuildFile; fileRef = 137DB64C263F0D4500B4EEBF /* AirlineListViewController.swift */; };
		137DB653263F0D4500B4EEBF /* AirlineListInteractor.swift in Sources */ = {isa = PBXBuildFile; fileRef = 137DB64D263F0D4500B4EEBF /* AirlineListInteractor.swift */; };
		137DB655263F104100B4EEBF /* AirlineListFactory.swift in Sources */ = {isa = PBXBuildFile; fileRef = 137DB654263F104100B4EEBF /* AirlineListFactory.swift */; };
		137DB65A263F133A00B4EEBF /* AirlineListTableViewCell.swift in Sources */ = {isa = PBXBuildFile; fileRef = 137DB659263F133A00B4EEBF /* AirlineListTableViewCell.swift */; };
		137DB65C263F2C9000B4EEBF /* ServiceError.swift in Sources */ = {isa = PBXBuildFile; fileRef = 137DB65B263F2C9000B4EEBF /* ServiceError.swift */; };
		137DB65F263F39CD00B4EEBF /* UIImageView+Extension.swift in Sources */ = {isa = PBXBuildFile; fileRef = 137DB65E263F39CD00B4EEBF /* UIImageView+Extension.swift */; };
		137DB668263F5AB700B4EEBF /* PassengerListPresenter.swift in Sources */ = {isa = PBXBuildFile; fileRef = 137DB662263F5AB700B4EEBF /* PassengerListPresenter.swift */; };
		137DB669263F5AB700B4EEBF /* PassengerListWorker.swift in Sources */ = {isa = PBXBuildFile; fileRef = 137DB663263F5AB700B4EEBF /* PassengerListWorker.swift */; };
		137DB66B263F5AB700B4EEBF /* PassengerListModels.swift in Sources */ = {isa = PBXBuildFile; fileRef = 137DB665263F5AB700B4EEBF /* PassengerListModels.swift */; };
		137DB66C263F5AB700B4EEBF /* PassengerListViewController.swift in Sources */ = {isa = PBXBuildFile; fileRef = 137DB666263F5AB700B4EEBF /* PassengerListViewController.swift */; };
		137DB66D263F5AB700B4EEBF /* PassengerListInteractor.swift in Sources */ = {isa = PBXBuildFile; fileRef = 137DB667263F5AB700B4EEBF /* PassengerListInteractor.swift */; };
		137DB66F263F5BD200B4EEBF /* PassengerListViewScreen.swift in Sources */ = {isa = PBXBuildFile; fileRef = 137DB66E263F5BD200B4EEBF /* PassengerListViewScreen.swift */; };
		137DB671263F5E4700B4EEBF /* PassengerListFactory.swift in Sources */ = {isa = PBXBuildFile; fileRef = 137DB670263F5E4700B4EEBF /* PassengerListFactory.swift */; };
		C028060E2856A39800D012A3 /* Airline.swift in Sources */ = {isa = PBXBuildFile; fileRef = C028060D2856A39800D012A3 /* Airline.swift */; };
		C02806132856A6A900D012A3 /* AirlineListCoordinator.swift in Sources */ = {isa = PBXBuildFile; fileRef = C02806122856A6A900D012A3 /* AirlineListCoordinator.swift */; };
		C0A7AE292858204D00D42292 /* Api.swift in Sources */ = {isa = PBXBuildFile; fileRef = C0A7AE282858204D00D42292 /* Api.swift */; };
		C0A7AE2D285820D300D42292 /* ApiEndpoint.swift in Sources */ = {isa = PBXBuildFile; fileRef = C0A7AE2C285820D300D42292 /* ApiEndpoint.swift */; };
		C0A7AE302858251100D42292 /* ApiError.swift in Sources */ = {isa = PBXBuildFile; fileRef = C0A7AE2F2858251100D42292 /* ApiError.swift */; };
		C0A7AE34285829D200D42292 /* AirlineEndpoint.swift in Sources */ = {isa = PBXBuildFile; fileRef = C0A7AE33285829D200D42292 /* AirlineEndpoint.swift */; };
/* End PBXBuildFile section */

/* Begin PBXFileReference section */
		137DB628263F071600B4EEBF /* Airlines.app */ = {isa = PBXFileReference; explicitFileType = wrapper.application; includeInIndex = 0; path = Airlines.app; sourceTree = BUILT_PRODUCTS_DIR; };
		137DB62B263F071600B4EEBF /* AppDelegate.swift */ = {isa = PBXFileReference; lastKnownFileType = sourcecode.swift; path = AppDelegate.swift; sourceTree = "<group>"; };
		137DB62D263F071600B4EEBF /* SceneDelegate.swift */ = {isa = PBXFileReference; lastKnownFileType = sourcecode.swift; path = SceneDelegate.swift; sourceTree = "<group>"; };
		137DB634263F071700B4EEBF /* Assets.xcassets */ = {isa = PBXFileReference; lastKnownFileType = folder.assetcatalog; path = Assets.xcassets; sourceTree = "<group>"; };
		137DB637263F071700B4EEBF /* Base */ = {isa = PBXFileReference; lastKnownFileType = file.storyboard; name = Base; path = Base.lproj/LaunchScreen.storyboard; sourceTree = "<group>"; };
		137DB639263F071700B4EEBF /* Info.plist */ = {isa = PBXFileReference; lastKnownFileType = text.plist.xml; path = Info.plist; sourceTree = "<group>"; };
		137DB643263F0A4900B4EEBF /* TabBarController.swift */ = {isa = PBXFileReference; lastKnownFileType = sourcecode.swift; path = TabBarController.swift; sourceTree = "<group>"; };
		137DB648263F0D4500B4EEBF /* AirlineListPresenter.swift */ = {isa = PBXFileReference; lastKnownFileType = sourcecode.swift; path = AirlineListPresenter.swift; sourceTree = "<group>"; };
		137DB649263F0D4500B4EEBF /* AirlineListService.swift */ = {isa = PBXFileReference; lastKnownFileType = sourcecode.swift; path = AirlineListService.swift; sourceTree = "<group>"; };
		137DB64C263F0D4500B4EEBF /* AirlineListViewController.swift */ = {isa = PBXFileReference; lastKnownFileType = sourcecode.swift; path = AirlineListViewController.swift; sourceTree = "<group>"; };
		137DB64D263F0D4500B4EEBF /* AirlineListInteractor.swift */ = {isa = PBXFileReference; lastKnownFileType = sourcecode.swift; path = AirlineListInteractor.swift; sourceTree = "<group>"; };
		137DB654263F104100B4EEBF /* AirlineListFactory.swift */ = {isa = PBXFileReference; lastKnownFileType = sourcecode.swift; path = AirlineListFactory.swift; sourceTree = "<group>"; };
		137DB659263F133A00B4EEBF /* AirlineListTableViewCell.swift */ = {isa = PBXFileReference; lastKnownFileType = sourcecode.swift; path = AirlineListTableViewCell.swift; sourceTree = "<group>"; };
		137DB65B263F2C9000B4EEBF /* ServiceError.swift */ = {isa = PBXFileReference; lastKnownFileType = sourcecode.swift; path = ServiceError.swift; sourceTree = "<group>"; };
		137DB65E263F39CD00B4EEBF /* UIImageView+Extension.swift */ = {isa = PBXFileReference; lastKnownFileType = sourcecode.swift; path = "UIImageView+Extension.swift"; sourceTree = "<group>"; };
		137DB662263F5AB700B4EEBF /* PassengerListPresenter.swift */ = {isa = PBXFileReference; lastKnownFileType = sourcecode.swift; path = PassengerListPresenter.swift; sourceTree = "<group>"; };
		137DB663263F5AB700B4EEBF /* PassengerListWorker.swift */ = {isa = PBXFileReference; lastKnownFileType = sourcecode.swift; path = PassengerListWorker.swift; sourceTree = "<group>"; };
		137DB665263F5AB700B4EEBF /* PassengerListModels.swift */ = {isa = PBXFileReference; lastKnownFileType = sourcecode.swift; path = PassengerListModels.swift; sourceTree = "<group>"; };
		137DB666263F5AB700B4EEBF /* PassengerListViewController.swift */ = {isa = PBXFileReference; lastKnownFileType = sourcecode.swift; path = PassengerListViewController.swift; sourceTree = "<group>"; };
		137DB667263F5AB700B4EEBF /* PassengerListInteractor.swift */ = {isa = PBXFileReference; lastKnownFileType = sourcecode.swift; path = PassengerListInteractor.swift; sourceTree = "<group>"; };
		137DB66E263F5BD200B4EEBF /* PassengerListViewScreen.swift */ = {isa = PBXFileReference; lastKnownFileType = sourcecode.swift; path = PassengerListViewScreen.swift; sourceTree = "<group>"; };
		137DB670263F5E4700B4EEBF /* PassengerListFactory.swift */ = {isa = PBXFileReference; lastKnownFileType = sourcecode.swift; path = PassengerListFactory.swift; sourceTree = "<group>"; };
		C028060D2856A39800D012A3 /* Airline.swift */ = {isa = PBXFileReference; lastKnownFileType = sourcecode.swift; path = Airline.swift; sourceTree = "<group>"; };
		C02806122856A6A900D012A3 /* AirlineListCoordinator.swift */ = {isa = PBXFileReference; lastKnownFileType = sourcecode.swift; path = AirlineListCoordinator.swift; sourceTree = "<group>"; };
		C0A7AE282858204D00D42292 /* Api.swift */ = {isa = PBXFileReference; lastKnownFileType = sourcecode.swift; path = Api.swift; sourceTree = "<group>"; };
		C0A7AE2C285820D300D42292 /* ApiEndpoint.swift */ = {isa = PBXFileReference; lastKnownFileType = sourcecode.swift; path = ApiEndpoint.swift; sourceTree = "<group>"; };
		C0A7AE2F2858251100D42292 /* ApiError.swift */ = {isa = PBXFileReference; lastKnownFileType = sourcecode.swift; path = ApiError.swift; sourceTree = "<group>"; };
		C0A7AE33285829D200D42292 /* AirlineEndpoint.swift */ = {isa = PBXFileReference; lastKnownFileType = sourcecode.swift; path = AirlineEndpoint.swift; sourceTree = "<group>"; };
/* End PBXFileReference section */

/* Begin PBXFrameworksBuildPhase section */
		137DB625263F071600B4EEBF /* Frameworks */ = {
			isa = PBXFrameworksBuildPhase;
			buildActionMask = 2147483647;
			files = (
			);
			runOnlyForDeploymentPostprocessing = 0;
		};
/* End PBXFrameworksBuildPhase section */

/* Begin PBXGroup section */
		137DB61F263F071600B4EEBF = {
			isa = PBXGroup;
			children = (
				137DB62A263F071600B4EEBF /* Airlines */,
				137DB629263F071600B4EEBF /* Products */,
			);
			sourceTree = "<group>";
		};
		137DB629263F071600B4EEBF /* Products */ = {
			isa = PBXGroup;
			children = (
				137DB628263F071600B4EEBF /* Airlines.app */,
			);
			name = Products;
			sourceTree = "<group>";
		};
		137DB62A263F071600B4EEBF /* Airlines */ = {
			isa = PBXGroup;
			children = (
				137DB641263F0A3100B4EEBF /* Classes */,
				137DB62B263F071600B4EEBF /* AppDelegate.swift */,
				137DB62D263F071600B4EEBF /* SceneDelegate.swift */,
				137DB634263F071700B4EEBF /* Assets.xcassets */,
				137DB636263F071700B4EEBF /* LaunchScreen.storyboard */,
				137DB639263F071700B4EEBF /* Info.plist */,
			);
			path = Airlines;
			sourceTree = "<group>";
		};
		137DB641263F0A3100B4EEBF /* Classes */ = {
			isa = PBXGroup;
			children = (
				C0A7AE32285829B400D42292 /* Endpoint */,
				137DB645263F0D1200B4EEBF /* Scenes */,
				137DB642263F0A3800B4EEBF /* Shared */,
			);
			path = Classes;
			sourceTree = "<group>";
		};
		137DB642263F0A3800B4EEBF /* Shared */ = {
			isa = PBXGroup;
			children = (
				C0A7AE272858203500D42292 /* Network */,
				137DB65D263F39B300B4EEBF /* Extension */,
				137DB643263F0A4900B4EEBF /* TabBarController.swift */,
				137DB65B263F2C9000B4EEBF /* ServiceError.swift */,
			);
			path = Shared;
			sourceTree = "<group>";
		};
		137DB645263F0D1200B4EEBF /* Scenes */ = {
			isa = PBXGroup;
			children = (
				137DB660263F5A5100B4EEBF /* Passenger */,
				137DB646263F0D2600B4EEBF /* Airline */,
			);
			path = Scenes;
			sourceTree = "<group>";
		};
		137DB646263F0D2600B4EEBF /* Airline */ = {
			isa = PBXGroup;
			children = (
				137DB647263F0D2D00B4EEBF /* List */,
			);
			path = Airline;
			sourceTree = "<group>";
		};
		137DB647263F0D2D00B4EEBF /* List */ = {
			isa = PBXGroup;
			children = (
				C028060C2856A36A00D012A3 /* Models */,
				137DB658263F131F00B4EEBF /* Components */,
				137DB648263F0D4500B4EEBF /* AirlineListPresenter.swift */,
				137DB649263F0D4500B4EEBF /* AirlineListService.swift */,
				137DB64C263F0D4500B4EEBF /* AirlineListViewController.swift */,
				137DB64D263F0D4500B4EEBF /* AirlineListInteractor.swift */,
				137DB654263F104100B4EEBF /* AirlineListFactory.swift */,
				C02806122856A6A900D012A3 /* AirlineListCoordinator.swift */,
			);
			path = List;
			sourceTree = "<group>";
		};
		137DB658263F131F00B4EEBF /* Components */ = {
			isa = PBXGroup;
			children = (
				137DB659263F133A00B4EEBF /* AirlineListTableViewCell.swift */,
			);
			path = Components;
			sourceTree = "<group>";
		};
		137DB65D263F39B300B4EEBF /* Extension */ = {
			isa = PBXGroup;
			children = (
				137DB65E263F39CD00B4EEBF /* UIImageView+Extension.swift */,
			);
			path = Extension;
			sourceTree = "<group>";
		};
		137DB660263F5A5100B4EEBF /* Passenger */ = {
			isa = PBXGroup;
			children = (
				137DB661263F5A5A00B4EEBF /* List */,
			);
			path = Passenger;
			sourceTree = "<group>";
		};
		137DB661263F5A5A00B4EEBF /* List */ = {
			isa = PBXGroup;
			children = (
				137DB662263F5AB700B4EEBF /* PassengerListPresenter.swift */,
				137DB663263F5AB700B4EEBF /* PassengerListWorker.swift */,
				137DB665263F5AB700B4EEBF /* PassengerListModels.swift */,
				137DB666263F5AB700B4EEBF /* PassengerListViewController.swift */,
				137DB667263F5AB700B4EEBF /* PassengerListInteractor.swift */,
				137DB66E263F5BD200B4EEBF /* PassengerListViewScreen.swift */,
				137DB670263F5E4700B4EEBF /* PassengerListFactory.swift */,
			);
			path = List;
			sourceTree = "<group>";
		};
		C028060C2856A36A00D012A3 /* Models */ = {
			isa = PBXGroup;
			children = (
				C028060D2856A39800D012A3 /* Airline.swift */,
			);
			path = Models;
			sourceTree = "<group>";
		};
		C0A7AE272858203500D42292 /* Network */ = {
			isa = PBXGroup;
			children = (
				C0A7AE282858204D00D42292 /* Api.swift */,
				C0A7AE2C285820D300D42292 /* ApiEndpoint.swift */,
				C0A7AE2F2858251100D42292 /* ApiError.swift */,
			);
			path = Network;
			sourceTree = "<group>";
		};
		C0A7AE32285829B400D42292 /* Endpoint */ = {
			isa = PBXGroup;
			children = (
				C0A7AE33285829D200D42292 /* AirlineEndpoint.swift */,
			);
			path = Endpoint;
			sourceTree = "<group>";
		};
/* End PBXGroup section */

/* Begin PBXNativeTarget section */
		137DB627263F071600B4EEBF /* Airlines */ = {
			isa = PBXNativeTarget;
			buildConfigurationList = 137DB63C263F071700B4EEBF /* Build configuration list for PBXNativeTarget "Airlines" */;
			buildPhases = (
				137DB624263F071600B4EEBF /* Sources */,
				137DB625263F071600B4EEBF /* Frameworks */,
				137DB626263F071600B4EEBF /* Resources */,
			);
			buildRules = (
			);
			dependencies = (
			);
			name = Airlines;
			productName = Airlines;
			productReference = 137DB628263F071600B4EEBF /* Airlines.app */;
			productType = "com.apple.product-type.application";
		};
/* End PBXNativeTarget section */

/* Begin PBXProject section */
		137DB620263F071600B4EEBF /* Project object */ = {
			isa = PBXProject;
			attributes = {
				LastSwiftUpdateCheck = 1130;
				LastUpgradeCheck = 1130;
				ORGANIZATIONNAME = "Gabriel Alves Moreira";
				TargetAttributes = {
					137DB627263F071600B4EEBF = {
						CreatedOnToolsVersion = 11.3.1;
					};
				};
			};
			buildConfigurationList = 137DB623263F071600B4EEBF /* Build configuration list for PBXProject "Airlines" */;
			compatibilityVersion = "Xcode 9.3";
			developmentRegion = en;
			hasScannedForEncodings = 0;
			knownRegions = (
				en,
				Base,
			);
			mainGroup = 137DB61F263F071600B4EEBF;
			productRefGroup = 137DB629263F071600B4EEBF /* Products */;
			projectDirPath = "";
			projectRoot = "";
			targets = (
				137DB627263F071600B4EEBF /* Airlines */,
			);
		};
/* End PBXProject section */

/* Begin PBXResourcesBuildPhase section */
		137DB626263F071600B4EEBF /* Resources */ = {
			isa = PBXResourcesBuildPhase;
			buildActionMask = 2147483647;
			files = (
				137DB638263F071700B4EEBF /* LaunchScreen.storyboard in Resources */,
				137DB635263F071700B4EEBF /* Assets.xcassets in Resources */,
			);
			runOnlyForDeploymentPostprocessing = 0;
		};
/* End PBXResourcesBuildPhase section */

/* Begin PBXSourcesBuildPhase section */
		137DB624263F071600B4EEBF /* Sources */ = {
			isa = PBXSourcesBuildPhase;
			buildActionMask = 2147483647;
			files = (
				137DB65F263F39CD00B4EEBF /* UIImageView+Extension.swift in Sources */,
				137DB66C263F5AB700B4EEBF /* PassengerListViewController.swift in Sources */,
				C0A7AE2D285820D300D42292 /* ApiEndpoint.swift in Sources */,
				137DB655263F104100B4EEBF /* AirlineListFactory.swift in Sources */,
				137DB668263F5AB700B4EEBF /* PassengerListPresenter.swift in Sources */,
				C0A7AE302858251100D42292 /* ApiError.swift in Sources */,
				137DB652263F0D4500B4EEBF /* AirlineListViewController.swift in Sources */,
				137DB669263F5AB700B4EEBF /* PassengerListWorker.swift in Sources */,
				137DB65A263F133A00B4EEBF /* AirlineListTableViewCell.swift in Sources */,
				137DB644263F0A4900B4EEBF /* TabBarController.swift in Sources */,
				137DB64E263F0D4500B4EEBF /* AirlineListPresenter.swift in Sources */,
				137DB66D263F5AB700B4EEBF /* PassengerListInteractor.swift in Sources */,
				137DB66F263F5BD200B4EEBF /* PassengerListViewScreen.swift in Sources */,
				137DB671263F5E4700B4EEBF /* PassengerListFactory.swift in Sources */,
				137DB62C263F071600B4EEBF /* AppDelegate.swift in Sources */,
				137DB64F263F0D4500B4EEBF /* AirlineListService.swift in Sources */,
				C02806132856A6A900D012A3 /* AirlineListCoordinator.swift in Sources */,
				137DB653263F0D4500B4EEBF /* AirlineListInteractor.swift in Sources */,
				C0A7AE34285829D200D42292 /* AirlineEndpoint.swift in Sources */,
				C0A7AE292858204D00D42292 /* Api.swift in Sources */,
				137DB65C263F2C9000B4EEBF /* ServiceError.swift in Sources */,
				137DB62E263F071600B4EEBF /* SceneDelegate.swift in Sources */,
				C028060E2856A39800D012A3 /* Airline.swift in Sources */,
				137DB66B263F5AB700B4EEBF /* PassengerListModels.swift in Sources */,
			);
			runOnlyForDeploymentPostprocessing = 0;
		};
/* End PBXSourcesBuildPhase section */

/* Begin PBXVariantGroup section */
		137DB636263F071700B4EEBF /* LaunchScreen.storyboard */ = {
			isa = PBXVariantGroup;
			children = (
				137DB637263F071700B4EEBF /* Base */,
			);
			name = LaunchScreen.storyboard;
			sourceTree = "<group>";
		};
/* End PBXVariantGroup section */

/* Begin XCBuildConfiguration section */
		137DB63A263F071700B4EEBF /* Debug */ = {
			isa = XCBuildConfiguration;
			buildSettings = {
				ALWAYS_SEARCH_USER_PATHS = NO;
				CLANG_ANALYZER_NONNULL = YES;
				CLANG_ANALYZER_NUMBER_OBJECT_CONVERSION = YES_AGGRESSIVE;
				CLANG_CXX_LANGUAGE_STANDARD = "gnu++14";
				CLANG_CXX_LIBRARY = "libc++";
				CLANG_ENABLE_MODULES = YES;
				CLANG_ENABLE_OBJC_ARC = YES;
				CLANG_ENABLE_OBJC_WEAK = YES;
				CLANG_WARN_BLOCK_CAPTURE_AUTORELEASING = YES;
				CLANG_WARN_BOOL_CONVERSION = YES;
				CLANG_WARN_COMMA = YES;
				CLANG_WARN_CONSTANT_CONVERSION = YES;
				CLANG_WARN_DEPRECATED_OBJC_IMPLEMENTATIONS = YES;
				CLANG_WARN_DIRECT_OBJC_ISA_USAGE = YES_ERROR;
				CLANG_WARN_DOCUMENTATION_COMMENTS = YES;
				CLANG_WARN_EMPTY_BODY = YES;
				CLANG_WARN_ENUM_CONVERSION = YES;
				CLANG_WARN_INFINITE_RECURSION = YES;
				CLANG_WARN_INT_CONVERSION = YES;
				CLANG_WARN_NON_LITERAL_NULL_CONVERSION = YES;
				CLANG_WARN_OBJC_IMPLICIT_RETAIN_SELF = YES;
				CLANG_WARN_OBJC_LITERAL_CONVERSION = YES;
				CLANG_WARN_OBJC_ROOT_CLASS = YES_ERROR;
				CLANG_WARN_RANGE_LOOP_ANALYSIS = YES;
				CLANG_WARN_STRICT_PROTOTYPES = YES;
				CLANG_WARN_SUSPICIOUS_MOVE = YES;
				CLANG_WARN_UNGUARDED_AVAILABILITY = YES_AGGRESSIVE;
				CLANG_WARN_UNREACHABLE_CODE = YES;
				CLANG_WARN__DUPLICATE_METHOD_MATCH = YES;
				COPY_PHASE_STRIP = NO;
				DEBUG_INFORMATION_FORMAT = dwarf;
				ENABLE_STRICT_OBJC_MSGSEND = YES;
				ENABLE_TESTABILITY = YES;
				GCC_C_LANGUAGE_STANDARD = gnu11;
				GCC_DYNAMIC_NO_PIC = NO;
				GCC_NO_COMMON_BLOCKS = YES;
				GCC_OPTIMIZATION_LEVEL = 0;
				GCC_PREPROCESSOR_DEFINITIONS = (
					"DEBUG=1",
					"$(inherited)",
				);
				GCC_WARN_64_TO_32_BIT_CONVERSION = YES;
				GCC_WARN_ABOUT_RETURN_TYPE = YES_ERROR;
				GCC_WARN_UNDECLARED_SELECTOR = YES;
				GCC_WARN_UNINITIALIZED_AUTOS = YES_AGGRESSIVE;
				GCC_WARN_UNUSED_FUNCTION = YES;
				GCC_WARN_UNUSED_VARIABLE = YES;
				IPHONEOS_DEPLOYMENT_TARGET = 13.2;
				MTL_ENABLE_DEBUG_INFO = INCLUDE_SOURCE;
				MTL_FAST_MATH = YES;
				ONLY_ACTIVE_ARCH = YES;
				SDKROOT = iphoneos;
				SWIFT_ACTIVE_COMPILATION_CONDITIONS = DEBUG;
				SWIFT_OPTIMIZATION_LEVEL = "-Onone";
			};
			name = Debug;
		};
		137DB63B263F071700B4EEBF /* Release */ = {
			isa = XCBuildConfiguration;
			buildSettings = {
				ALWAYS_SEARCH_USER_PATHS = NO;
				CLANG_ANALYZER_NONNULL = YES;
				CLANG_ANALYZER_NUMBER_OBJECT_CONVERSION = YES_AGGRESSIVE;
				CLANG_CXX_LANGUAGE_STANDARD = "gnu++14";
				CLANG_CXX_LIBRARY = "libc++";
				CLANG_ENABLE_MODULES = YES;
				CLANG_ENABLE_OBJC_ARC = YES;
				CLANG_ENABLE_OBJC_WEAK = YES;
				CLANG_WARN_BLOCK_CAPTURE_AUTORELEASING = YES;
				CLANG_WARN_BOOL_CONVERSION = YES;
				CLANG_WARN_COMMA = YES;
				CLANG_WARN_CONSTANT_CONVERSION = YES;
				CLANG_WARN_DEPRECATED_OBJC_IMPLEMENTATIONS = YES;
				CLANG_WARN_DIRECT_OBJC_ISA_USAGE = YES_ERROR;
				CLANG_WARN_DOCUMENTATION_COMMENTS = YES;
				CLANG_WARN_EMPTY_BODY = YES;
				CLANG_WARN_ENUM_CONVERSION = YES;
				CLANG_WARN_INFINITE_RECURSION = YES;
				CLANG_WARN_INT_CONVERSION = YES;
				CLANG_WARN_NON_LITERAL_NULL_CONVERSION = YES;
				CLANG_WARN_OBJC_IMPLICIT_RETAIN_SELF = YES;
				CLANG_WARN_OBJC_LITERAL_CONVERSION = YES;
				CLANG_WARN_OBJC_ROOT_CLASS = YES_ERROR;
				CLANG_WARN_RANGE_LOOP_ANALYSIS = YES;
				CLANG_WARN_STRICT_PROTOTYPES = YES;
				CLANG_WARN_SUSPICIOUS_MOVE = YES;
				CLANG_WARN_UNGUARDED_AVAILABILITY = YES_AGGRESSIVE;
				CLANG_WARN_UNREACHABLE_CODE = YES;
				CLANG_WARN__DUPLICATE_METHOD_MATCH = YES;
				COPY_PHASE_STRIP = NO;
				DEBUG_INFORMATION_FORMAT = "dwarf-with-dsym";
				ENABLE_NS_ASSERTIONS = NO;
				ENABLE_STRICT_OBJC_MSGSEND = YES;
				GCC_C_LANGUAGE_STANDARD = gnu11;
				GCC_NO_COMMON_BLOCKS = YES;
				GCC_WARN_64_TO_32_BIT_CONVERSION = YES;
				GCC_WARN_ABOUT_RETURN_TYPE = YES_ERROR;
				GCC_WARN_UNDECLARED_SELECTOR = YES;
				GCC_WARN_UNINITIALIZED_AUTOS = YES_AGGRESSIVE;
				GCC_WARN_UNUSED_FUNCTION = YES;
				GCC_WARN_UNUSED_VARIABLE = YES;
				IPHONEOS_DEPLOYMENT_TARGET = 13.2;
				MTL_ENABLE_DEBUG_INFO = NO;
				MTL_FAST_MATH = YES;
				SDKROOT = iphoneos;
				SWIFT_COMPILATION_MODE = wholemodule;
				SWIFT_OPTIMIZATION_LEVEL = "-O";
				VALIDATE_PRODUCT = YES;
			};
			name = Release;
		};
		137DB63D263F071700B4EEBF /* Debug */ = {
			isa = XCBuildConfiguration;
			buildSettings = {
				ASSETCATALOG_COMPILER_APPICON_NAME = AppIcon;
				CODE_SIGN_STYLE = Automatic;
				INFOPLIST_FILE = Airlines/Info.plist;
				LD_RUNPATH_SEARCH_PATHS = (
					"$(inherited)",
					"@executable_path/Frameworks",
				);
				PRODUCT_BUNDLE_IDENTIFIER = com.example.Airlines;
				PRODUCT_NAME = "$(TARGET_NAME)";
				SWIFT_VERSION = 5.0;
				TARGETED_DEVICE_FAMILY = "1,2";
			};
			name = Debug;
		};
		137DB63E263F071700B4EEBF /* Release */ = {
			isa = XCBuildConfiguration;
			buildSettings = {
				ASSETCATALOG_COMPILER_APPICON_NAME = AppIcon;
				CODE_SIGN_STYLE = Automatic;
				INFOPLIST_FILE = Airlines/Info.plist;
				LD_RUNPATH_SEARCH_PATHS = (
					"$(inherited)",
					"@executable_path/Frameworks",
				);
				PRODUCT_BUNDLE_IDENTIFIER = com.example.Airlines;
				PRODUCT_NAME = "$(TARGET_NAME)";
				SWIFT_VERSION = 5.0;
				TARGETED_DEVICE_FAMILY = "1,2";
			};
			name = Release;
		};
/* End XCBuildConfiguration section */

/* Begin XCConfigurationList section */
		137DB623263F071600B4EEBF /* Build configuration list for PBXProject "Airlines" */ = {
			isa = XCConfigurationList;
			buildConfigurations = (
				137DB63A263F071700B4EEBF /* Debug */,
				137DB63B263F071700B4EEBF /* Release */,
			);
			defaultConfigurationIsVisible = 0;
			defaultConfigurationName = Release;
		};
		137DB63C263F071700B4EEBF /* Build configuration list for PBXNativeTarget "Airlines" */ = {
			isa = XCConfigurationList;
			buildConfigurations = (
				137DB63D263F071700B4EEBF /* Debug */,
				137DB63E263F071700B4EEBF /* Release */,
			);
			defaultConfigurationIsVisible = 0;
			defaultConfigurationName = Release;
		};
/* End XCConfigurationList section */
	};
	rootObject = 137DB620263F071600B4EEBF /* Project object */;
}
